# This file is automatically @generated by Cargo.
# It is not intended for manual editing.
version = 4

[[package]]
name = "folding-app"
version = "0.1.0"
dependencies = [
 "folding-core",
 "folding-interface",
 "folding-molecule",
 "folding-sim",
 "folding-time",
]

[[package]]
name = "folding-core"
version = "0.1.0"
dependencies = [
 "folding-molecule",
 "folding-time",
]

[[package]]
name = "folding-interface"
version = "0.1.0"
dependencies = [
 "folding-core",
 "folding-molecule",
 "folding-sim",
 "folding-time",
]

[[package]]
name = "folding-molecule"
version = "0.1.0"

[[package]]
name = "folding-sim"
version = "0.1.0"
dependencies = [
 "folding-core",
 "folding-time",
]

[[package]]
name = "folding-time"
version = "0.1.0"
